
Microsoft Visual Studio Solution File, Format Version 12.00
# Visual Studio 2013
VisualStudioVersion = 12.0.31101.0
MinimumVisualStudioVersion = 10.0.40219.1
Project("{00D1A9C2-B5F0-4AF3-8072-F6C62B433612}") = "TheCartBeforeTheHorse", "TheCartBeforeTheHorse\TheCartBeforeTheHorse.sqlproj", "{51D70D2E-978B-4AE4-AB7D-49367D42DBE5}"
EndProject
Project("{00D1A9C2-B5F0-4AF3-8072-F6C62B433612}") = "TheCartBeforeTheHorseClr", "TheCartBeforeTheHorseClr\TheCartBeforeTheHorseClr.sqlproj", "{69981F40-43C5-4F88-99AD-640556BA1B65}"
EndProject
Global
	GlobalSection(SolutionConfigurationPlatforms) = preSolution
		Debug|Any CPU = Debug|Any CPU
		Release|Any CPU = Release|Any CPU
	EndGlobalSection
	GlobalSection(ProjectConfigurationPlatforms) = postSolution
		{51D70D2E-978B-4AE4-AB7D-49367D42DBE5}.Debug|Any CPU.ActiveCfg = Debug|Any CPU
		{51D70D2E-978B-4AE4-AB7D-49367D42DBE5}.Debug|Any CPU.Build.0 = Debug|Any CPU
		{51D70D2E-978B-4AE4-AB7D-49367D42DBE5}.Debug|Any CPU.Deploy.0 = Debug|Any CPU
		{51D70D2E-978B-4AE4-AB7D-49367D42DBE5}.Release|Any CPU.ActiveCfg = Release|Any CPU
		{51D70D2E-978B-4AE4-AB7D-49367D42DBE5}.Release|Any CPU.Build.0 = Release|Any CPU
		{51D70D2E-978B-4AE4-AB7D-49367D42DBE5}.Release|Any CPU.Deploy.0 = Release|Any CPU
		{69981F40-43C5-4F88-99AD-640556BA1B65}.Debug|Any CPU.ActiveCfg = Debug|Any CPU
		{69981F40-43C5-4F88-99AD-640556BA1B65}.Debug|Any CPU.Build.0 = Debug|Any CPU
		{69981F40-43C5-4F88-99AD-640556BA1B65}.Debug|Any CPU.Deploy.0 = Debug|Any CPU
		{69981F40-43C5-4F88-99AD-640556BA1B65}.Release|Any CPU.ActiveCfg = Release|Any CPU
		{69981F40-43C5-4F88-99AD-640556BA1B65}.Release|Any CPU.Build.0 = Release|Any CPU
		{69981F40-43C5-4F88-99AD-640556BA1B65}.Release|Any CPU.Deploy.0 = Release|Any CPU
	EndGlobalSection
	GlobalSection(SolutionProperties) = preSolution
		HideSolutionNode = FALSE
	EndGlobalSection
EndGlobal
